{
  "nodes": {
    "home-manager": {
      "inputs": {
        "nixpkgs": [
          "nixpkgs"
        ]
      },
      "locked": {
        "lastModified": 1740679976,
        "narHash": "sha256-6U/zvgtcGJqpOTKsIgf+mRO7/djwV07ImU/t0nZBix8=",
        "owner": "nix-community",
        "repo": "home-manager",
        "rev": "343646e092696d94b6f22b6875ae685756fd4cf0",
        "type": "github"
      },
      "original": {
        "owner": "nix-community",
        "repo": "home-manager",
        "type": "github"
      }
    },
    "neovim-config": {
      "flake": false,
      "locked": {
        "lastModified": 1740787614,
        "narHash": "sha256-RYS42KhKdVfVFcuI6tRMsUcVdcgVBg/LvVXDmIJzHVY=",
        "owner": "steledama",
        "repo": "neovim-config",
        "rev": "cb51b857c329d90b8b843339fc54d124f7a6d85c",
        "type": "github"
      },
      "original": {
        "owner": "steledama",
        "repo": "neovim-config",
        "type": "github"
      }
    },
    "nixpkgs": {
      "locked": {
        "lastModified": 1740560979,
        "narHash": "sha256-Vr3Qi346M+8CjedtbyUevIGDZW8LcA1fTG0ugPY/Hic=",
        "owner": "nixos",
        "repo": "nixpkgs",
        "rev": "5135c59491985879812717f4c9fea69604e7f26f",
        "type": "github"
      },
      "original": {
        "owner": "nixos",
        "ref": "nixos-unstable",
        "repo": "nixpkgs",
        "type": "github"
      }
    },
    "root": {
      "inputs": {
        "home-manager": "home-manager",
        "neovim-config": "neovim-config",
        "nixpkgs": "nixpkgs"
      }
    }
  },
  "root": "root",
  "version": 7
}
